// !$*UTF8*$!
{
	archiveVersion = 1;
	classes = {
	};
	objectVersion = 50;
	objects = {

/* Begin PBXBuildFile section */
		C82BD0002237238100ADDBD7 /* AppDelegate.swift in Sources */ = {isa = PBXBuildFile; fileRef = C82BCFFF2237238100ADDBD7 /* AppDelegate.swift */; };
		C82BD0022237238200ADDBD7 /* SlimeVC.swift in Sources */ = {isa = PBXBuildFile; fileRef = C82BD0012237238200ADDBD7 /* SlimeVC.swift */; };
		C82BD0072237238400ADDBD7 /* Assets.xcassets in Resources */ = {isa = PBXBuildFile; fileRef = C82BD0062237238400ADDBD7 /* Assets.xcassets */; };
		C82BD00A2237238400ADDBD7 /* LaunchScreen.storyboard in Resources */ = {isa = PBXBuildFile; fileRef = C82BD0082237238400ADDBD7 /* LaunchScreen.storyboard */; };
		C82BD0152237238400ADDBD7 /* slimeappUITests.swift in Sources */ = {isa = PBXBuildFile; fileRef = C82BD0142237238400ADDBD7 /* slimeappUITests.swift */; };
		C84BDC0222374B1E00F02142 /* DropView.swift in Sources */ = {isa = PBXBuildFile; fileRef = C84BDC0122374B1E00F02142 /* DropView.swift */; };
		C84BDC0422374BCC00F02142 /* Extensions.swift in Sources */ = {isa = PBXBuildFile; fileRef = C84BDC0322374BCC00F02142 /* Extensions.swift */; };
/* End PBXBuildFile section */

/* Begin PBXContainerItemProxy section */
		C82BD0112237238400ADDBD7 /* PBXContainerItemProxy */ = {
			isa = PBXContainerItemProxy;
			containerPortal = C82BCFF42237238100ADDBD7 /* Project object */;
			proxyType = 1;
			remoteGlobalIDString = C82BCFFB2237238100ADDBD7;
			remoteInfo = slimeapp;
		};
/* End PBXContainerItemProxy section */

/* Begin PBXFileReference section */
		C82BCFFC2237238100ADDBD7 /* slimeapp.app */ = {isa = PBXFileReference; explicitFileType = wrapper.application; includeInIndex = 0; path = slimeapp.app; sourceTree = BUILT_PRODUCTS_DIR; };
		C82BCFFF2237238100ADDBD7 /* AppDelegate.swift */ = {isa = PBXFileReference; lastKnownFileType = sourcecode.swift; path = AppDelegate.swift; sourceTree = "<group>"; };
		C82BD0012237238200ADDBD7 /* SlimeVC.swift */ = {isa = PBXFileReference; lastKnownFileType = sourcecode.swift; path = SlimeVC.swift; sourceTree = "<group>"; };
		C82BD0062237238400ADDBD7 /* Assets.xcassets */ = {isa = PBXFileReference; lastKnownFileType = folder.assetcatalog; path = Assets.xcassets; sourceTree = "<group>"; };
		C82BD0092237238400ADDBD7 /* Base */ = {isa = PBXFileReference; lastKnownFileType = file.storyboard; name = Base; path = Base.lproj/LaunchScreen.storyboard; sourceTree = "<group>"; };
		C82BD00B2237238400ADDBD7 /* Info.plist */ = {isa = PBXFileReference; lastKnownFileType = text.plist.xml; path = Info.plist; sourceTree = "<group>"; };
		C82BD0102237238400ADDBD7 /* slimeappUITests.xctest */ = {isa = PBXFileReference; explicitFileType = wrapper.cfbundle; includeInIndex = 0; path = slimeappUITests.xctest; sourceTree = BUILT_PRODUCTS_DIR; };
		C82BD0142237238400ADDBD7 /* slimeappUITests.swift */ = {isa = PBXFileReference; lastKnownFileType = sourcecode.swift; path = slimeappUITests.swift; sourceTree = "<group>"; };
		C82BD0162237238400ADDBD7 /* Info.plist */ = {isa = PBXFileReference; lastKnownFileType = text.plist.xml; path = Info.plist; sourceTree = "<group>"; };
		C84BDC0122374B1E00F02142 /* DropView.swift */ = {isa = PBXFileReference; lastKnownFileType = sourcecode.swift; path = DropView.swift; sourceTree = "<group>"; };
		C84BDC0322374BCC00F02142 /* Extensions.swift */ = {isa = PBXFileReference; lastKnownFileType = sourcecode.swift; path = Extensions.swift; sourceTree = "<group>"; };
/* End PBXFileReference section */

/* Begin PBXFrameworksBuildPhase section */
		C82BCFF92237238100ADDBD7 /* Frameworks */ = {
			isa = PBXFrameworksBuildPhase;
			buildActionMask = 2147483647;
			files = (
			);
			runOnlyForDeploymentPostprocessing = 0;
		};
		C82BD00D2237238400ADDBD7 /* Frameworks */ = {
			isa = PBXFrameworksBuildPhase;
			buildActionMask = 2147483647;
			files = (
			);
			runOnlyForDeploymentPostprocessing = 0;
		};
/* End PBXFrameworksBuildPhase section */

/* Begin PBXGroup section */
		C82BCFF32237238100ADDBD7 = {
			isa = PBXGroup;
			children = (
				C82BCFFE2237238100ADDBD7 /* slimeapp */,
				C82BD0132237238400ADDBD7 /* slimeappUITests */,
				C82BCFFD2237238100ADDBD7 /* Products */,
			);
			sourceTree = "<group>";
		};
		C82BCFFD2237238100ADDBD7 /* Products */ = {
			isa = PBXGroup;
			children = (
				C82BCFFC2237238100ADDBD7 /* slimeapp.app */,
				C82BD0102237238400ADDBD7 /* slimeappUITests.xctest */,
			);
			name = Products;
			sourceTree = "<group>";
		};
		C82BCFFE2237238100ADDBD7 /* slimeapp */ = {
			isa = PBXGroup;
			children = (
				C82BCFFF2237238100ADDBD7 /* AppDelegate.swift */,
				C82BD0012237238200ADDBD7 /* SlimeVC.swift */,
				C84BDC0522374BD800F02142 /* Views */,
				C82BD0062237238400ADDBD7 /* Assets.xcassets */,
				C82BD0082237238400ADDBD7 /* LaunchScreen.storyboard */,
				C82BD00B2237238400ADDBD7 /* Info.plist */,
				C84BDC0622374BE600F02142 /* Helpers */,
			);
			path = slimeapp;
			sourceTree = "<group>";
		};
		C82BD0132237238400ADDBD7 /* slimeappUITests */ = {
			isa = PBXGroup;
			children = (
				C82BD0142237238400ADDBD7 /* slimeappUITests.swift */,
				C82BD0162237238400ADDBD7 /* Info.plist */,
			);
			path = slimeappUITests;
			sourceTree = "<group>";
		};
		C84BDC0522374BD800F02142 /* Views */ = {
			isa = PBXGroup;
			children = (
				C84BDC0122374B1E00F02142 /* DropView.swift */,
			);
			path = Views;
			sourceTree = "<group>";
		};
		C84BDC0622374BE600F02142 /* Helpers */ = {
			isa = PBXGroup;
			children = (
				C84BDC0322374BCC00F02142 /* Extensions.swift */,
			);
			path = Helpers;
			sourceTree = "<group>";
		};
/* End PBXGroup section */

/* Begin PBXNativeTarget section */
		C82BCFFB2237238100ADDBD7 /* slimeapp */ = {
			isa = PBXNativeTarget;
			buildConfigurationList = C82BD0192237238400ADDBD7 /* Build configuration list for PBXNativeTarget "slimeapp" */;
			buildPhases = (
				C82BCFF82237238100ADDBD7 /* Sources */,
				C82BCFF92237238100ADDBD7 /* Frameworks */,
				C82BCFFA2237238100ADDBD7 /* Resources */,
			);
			buildRules = (
			);
			dependencies = (
			);
			name = slimeapp;
			productName = slimeapp;
			productReference = C82BCFFC2237238100ADDBD7 /* slimeapp.app */;
			productType = "com.apple.product-type.application";
		};
		C82BD00F2237238400ADDBD7 /* slimeappUITests */ = {
			isa = PBXNativeTarget;
			buildConfigurationList = C82BD01C2237238400ADDBD7 /* Build configuration list for PBXNativeTarget "slimeappUITests" */;
			buildPhases = (
				C82BD00C2237238400ADDBD7 /* Sources */,
				C82BD00D2237238400ADDBD7 /* Frameworks */,
				C82BD00E2237238400ADDBD7 /* Resources */,
			);
			buildRules = (
			);
			dependencies = (
				C82BD0122237238400ADDBD7 /* PBXTargetDependency */,
			);
			name = slimeappUITests;
			productName = slimeappUITests;
			productReference = C82BD0102237238400ADDBD7 /* slimeappUITests.xctest */;
			productType = "com.apple.product-type.bundle.ui-testing";
		};
/* End PBXNativeTarget section */

/* Begin PBXProject section */
		C82BCFF42237238100ADDBD7 /* Project object */ = {
			isa = PBXProject;
			attributes = {
				LastSwiftUpdateCheck = 1010;
				LastUpgradeCheck = 1010;
				ORGANIZATIONNAME = "MAJIK PRODUCTIONS";
				TargetAttributes = {
					C82BCFFB2237238100ADDBD7 = {
						CreatedOnToolsVersion = 10.1;
					};
					C82BD00F2237238400ADDBD7 = {
						CreatedOnToolsVersion = 10.1;
						TestTargetID = C82BCFFB2237238100ADDBD7;
					};
				};
			};
			buildConfigurationList = C82BCFF72237238100ADDBD7 /* Build configuration list for PBXProject "slimeapp" */;
			compatibilityVersion = "Xcode 9.3";
			developmentRegion = en;
			hasScannedForEncodings = 0;
			knownRegions = (
				en,
				Base,
			);
			mainGroup = C82BCFF32237238100ADDBD7;
			productRefGroup = C82BCFFD2237238100ADDBD7 /* Products */;
			projectDirPath = "";
			projectRoot = "";
			targets = (
				C82BCFFB2237238100ADDBD7 /* slimeapp */,
				C82BD00F2237238400ADDBD7 /* slimeappUITests */,
			);
		};
/* End PBXProject section */

/* Begin PBXResourcesBuildPhase section */
		C82BCFFA2237238100ADDBD7 /* Resources */ = {
			isa = PBXResourcesBuildPhase;
			buildActionMask = 2147483647;
			files = (
				C82BD00A2237238400ADDBD7 /* LaunchScreen.storyboard in Resources */,
				C82BD0072237238400ADDBD7 /* Assets.xcassets in Resources */,
			);
			runOnlyForDeploymentPostprocessing = 0;
		};
		C82BD00E2237238400ADDBD7 /* Resources */ = {
			isa = PBXResourcesBuildPhase;
			buildActionMask = 2147483647;
			files = (
			);
			runOnlyForDeploymentPostprocessing = 0;
		};
/* End PBXResourcesBuildPhase section */

/* Begin PBXSourcesBuildPhase section */
		C82BCFF82237238100ADDBD7 /* Sources */ = {
			isa = PBXSourcesBuildPhase;
			buildActionMask = 2147483647;
			files = (
				C82BD0022237238200ADDBD7 /* SlimeVC.swift in Sources */,
				C82BD0002237238100ADDBD7 /* AppDelegate.swift in Sources */,
				C84BDC0222374B1E00F02142 /* DropView.swift in Sources */,
				C84BDC0422374BCC00F02142 /* Extensions.swift in Sources */,
			);
			runOnlyForDeploymentPostprocessing = 0;
		};
		C82BD00C2237238400ADDBD7 /* Sources */ = {
			isa = PBXSourcesBuildPhase;
			buildActionMask = 2147483647;
			files = (
				C82BD0152237238400ADDBD7 /* slimeappUITests.swift in Sources */,
			);
			runOnlyForDeploymentPostprocessing = 0;
		};
/* End PBXSourcesBuildPhase section */

/* Begin PBXTargetDependency section */
		C82BD0122237238400ADDBD7 /* PBXTargetDependency */ = {
			isa = PBXTargetDependency;
			target = C82BCFFB2237238100ADDBD7 /* slimeapp */;
			targetProxy = C82BD0112237238400ADDBD7 /* PBXContainerItemProxy */;
		};
/* End PBXTargetDependency section */

/* Begin PBXVariantGroup section */
		C82BD0082237238400ADDBD7 /* LaunchScreen.storyboard */ = {
			isa = PBXVariantGroup;
			children = (
				C82BD0092237238400ADDBD7 /* Base */,
			);
			name = LaunchScreen.storyboard;
			sourceTree = "<group>";
		};
/* End PBXVariantGroup section */

/* Begin XCBuildConfiguration section */
		C82BD0172237238400ADDBD7 /* Debug */ = {
			isa = XCBuildConfiguration;
			buildSettings = {
				ALWAYS_SEARCH_USER_PATHS = NO;
				CLANG_ANALYZER_NONNULL = YES;
				CLANG_ANALYZER_NUMBER_OBJECT_CONVERSION = YES_AGGRESSIVE;
				CLANG_CXX_LANGUAGE_STANDARD = "gnu++14";
				CLANG_CXX_LIBRARY = "libc++";
				CLANG_ENABLE_MODULES = YES;
				CLANG_ENABLE_OBJC_ARC = YES;
				CLANG_ENABLE_OBJC_WEAK = YES;
				CLANG_WARN_BLOCK_CAPTURE_AUTORELEASING = YES;
				CLANG_WARN_BOOL_CONVERSION = YES;
				CLANG_WARN_COMMA = YES;
				CLANG_WARN_CONSTANT_CONVERSION = YES;
				CLANG_WARN_DEPRECATED_OBJC_IMPLEMENTATIONS = YES;
				CLANG_WARN_DIRECT_OBJC_ISA_USAGE = YES_ERROR;
				CLANG_WARN_DOCUMENTATION_COMMENTS = YES;
				CLANG_WARN_EMPTY_BODY = YES;
				CLANG_WARN_ENUM_CONVERSION = YES;
				CLANG_WARN_INFINITE_RECURSION = YES;
				CLANG_WARN_INT_CONVERSION = YES;
				CLANG_WARN_NON_LITERAL_NULL_CONVERSION = YES;
				CLANG_WARN_OBJC_IMPLICIT_RETAIN_SELF = YES;
				CLANG_WARN_OBJC_LITERAL_CONVERSION = YES;
				CLANG_WARN_OBJC_ROOT_CLASS = YES_ERROR;
				CLANG_WARN_RANGE_LOOP_ANALYSIS = YES;
				CLANG_WARN_STRICT_PROTOTYPES = YES;
				CLANG_WARN_SUSPICIOUS_MOVE = YES;
				CLANG_WARN_UNGUARDED_AVAILABILITY = YES_AGGRESSIVE;
				CLANG_WARN_UNREACHABLE_CODE = YES;
				CLANG_WARN__DUPLICATE_METHOD_MATCH = YES;
				CODE_SIGN_IDENTITY = "iPhone Developer";
				COPY_PHASE_STRIP = NO;
				DEBUG_INFORMATION_FORMAT = dwarf;
				ENABLE_STRICT_OBJC_MSGSEND = YES;
				ENABLE_TESTABILITY = YES;
				GCC_C_LANGUAGE_STANDARD = gnu11;
				GCC_DYNAMIC_NO_PIC = NO;
				GCC_NO_COMMON_BLOCKS = YES;
				GCC_OPTIMIZATION_LEVEL = 0;
				GCC_PREPROCESSOR_DEFINITIONS = (
					"DEBUG=1",
					"$(inherited)",
				);
				GCC_WARN_64_TO_32_BIT_CONVERSION = YES;
				GCC_WARN_ABOUT_RETURN_TYPE = YES_ERROR;
				GCC_WARN_UNDECLARED_SELECTOR = YES;
				GCC_WARN_UNINITIALIZED_AUTOS = YES_AGGRESSIVE;
				GCC_WARN_UNUSED_FUNCTION = YES;
				GCC_WARN_UNUSED_VARIABLE = YES;
				IPHONEOS_DEPLOYMENT_TARGET = 12.1;
				MTL_ENABLE_DEBUG_INFO = INCLUDE_SOURCE;
				MTL_FAST_MATH = YES;
				ONLY_ACTIVE_ARCH = YES;
				SDKROOT = iphoneos;
				SWIFT_ACTIVE_COMPILATION_CONDITIONS = DEBUG;
				SWIFT_OPTIMIZATION_LEVEL = "-Onone";
			};
			name = Debug;
		};
		C82BD0182237238400ADDBD7 /* Release */ = {
			isa = XCBuildConfiguration;
			buildSettings = {
				ALWAYS_SEARCH_USER_PATHS = NO;
				CLANG_ANALYZER_NONNULL = YES;
				CLANG_ANALYZER_NUMBER_OBJECT_CONVERSION = YES_AGGRESSIVE;
				CLANG_CXX_LANGUAGE_STANDARD = "gnu++14";
				CLANG_CXX_LIBRARY = "libc++";
				CLANG_ENABLE_MODULES = YES;
				CLANG_ENABLE_OBJC_ARC = YES;
				CLANG_ENABLE_OBJC_WEAK = YES;
				CLANG_WARN_BLOCK_CAPTURE_AUTORELEASING = YES;
				CLANG_WARN_BOOL_CONVERSION = YES;
				CLANG_WARN_COMMA = YES;
				CLANG_WARN_CONSTANT_CONVERSION = YES;
				CLANG_WARN_DEPRECATED_OBJC_IMPLEMENTATIONS = YES;
				CLANG_WARN_DIRECT_OBJC_ISA_USAGE = YES_ERROR;
				CLANG_WARN_DOCUMENTATION_COMMENTS = YES;
				CLANG_WARN_EMPTY_BODY = YES;
				CLANG_WARN_ENUM_CONVERSION = YES;
				CLANG_WARN_INFINITE_RECURSION = YES;
				CLANG_WARN_INT_CONVERSION = YES;
				CLANG_WARN_NON_LITERAL_NULL_CONVERSION = YES;
				CLANG_WARN_OBJC_IMPLICIT_RETAIN_SELF = YES;
				CLANG_WARN_OBJC_LITERAL_CONVERSION = YES;
				CLANG_WARN_OBJC_ROOT_CLASS = YES_ERROR;
				CLANG_WARN_RANGE_LOOP_ANALYSIS = YES;
				CLANG_WARN_STRICT_PROTOTYPES = YES;
				CLANG_WARN_SUSPICIOUS_MOVE = YES;
				CLANG_WARN_UNGUARDED_AVAILABILITY = YES_AGGRESSIVE;
				CLANG_WARN_UNREACHABLE_CODE = YES;
				CLANG_WARN__DUPLICATE_METHOD_MATCH = YES;
				CODE_SIGN_IDENTITY = "iPhone Developer";
				COPY_PHASE_STRIP = NO;
				DEBUG_INFORMATION_FORMAT = "dwarf-with-dsym";
				ENABLE_NS_ASSERTIONS = NO;
				ENABLE_STRICT_OBJC_MSGSEND = YES;
				GCC_C_LANGUAGE_STANDARD = gnu11;
				GCC_NO_COMMON_BLOCKS = YES;
				GCC_WARN_64_TO_32_BIT_CONVERSION = YES;
				GCC_WARN_ABOUT_RETURN_TYPE = YES_ERROR;
				GCC_WARN_UNDECLARED_SELECTOR = YES;
				GCC_WARN_UNINITIALIZED_AUTOS = YES_AGGRESSIVE;
				GCC_WARN_UNUSED_FUNCTION = YES;
				GCC_WARN_UNUSED_VARIABLE = YES;
				IPHONEOS_DEPLOYMENT_TARGET = 12.1;
				MTL_ENABLE_DEBUG_INFO = NO;
				MTL_FAST_MATH = YES;
				SDKROOT = iphoneos;
				SWIFT_COMPILATION_MODE = wholemodule;
				SWIFT_OPTIMIZATION_LEVEL = "-O";
				VALIDATE_PRODUCT = YES;
			};
			name = Release;
		};
		C82BD01A2237238400ADDBD7 /* Debug */ = {
			isa = XCBuildConfiguration;
			buildSettings = {
				ASSETCATALOG_COMPILER_APPICON_NAME = AppIcon;
				CODE_SIGN_STYLE = Automatic;
				DEVELOPMENT_TEAM = 7257K5B77U;
				INFOPLIST_FILE = slimeapp/Info.plist;
				LD_RUNPATH_SEARCH_PATHS = (
					"$(inherited)",
					"@executable_path/Frameworks",
				);
				PRODUCT_BUNDLE_IDENTIFIER = com.majikprod.slimeapp;
				PRODUCT_NAME = "$(TARGET_NAME)";
				SWIFT_VERSION = 4.2;
				TARGETED_DEVICE_FAMILY = "1,2";
			};
			name = Debug;
		};
		C82BD01B2237238400ADDBD7 /* Release */ = {
			isa = XCBuildConfiguration;
			buildSettings = {
				ASSETCATALOG_COMPILER_APPICON_NAME = AppIcon;
				CODE_SIGN_STYLE = Automatic;
				DEVELOPMENT_TEAM = 7257K5B77U;
				INFOPLIST_FILE = slimeapp/Info.plist;
				LD_RUNPATH_SEARCH_PATHS = (
					"$(inherited)",
					"@executable_path/Frameworks",
				);
				PRODUCT_BUNDLE_IDENTIFIER = com.majikprod.slimeapp;
				PRODUCT_NAME = "$(TARGET_NAME)";
				SWIFT_VERSION = 4.2;
				TARGETED_DEVICE_FAMILY = "1,2";
			};
			name = Release;
		};
		C82BD01D2237238400ADDBD7 /* Debug */ = {
			isa = XCBuildConfiguration;
			buildSettings = {
				ALWAYS_EMBED_SWIFT_STANDARD_LIBRARIES = YES;
				CODE_SIGN_STYLE = Automatic;
				DEVELOPMENT_TEAM = 7257K5B77U;
				INFOPLIST_FILE = slimeappUITests/Info.plist;
				LD_RUNPATH_SEARCH_PATHS = (
					"$(inherited)",
					"@executable_path/Frameworks",
					"@loader_path/Frameworks",
				);
				PRODUCT_BUNDLE_IDENTIFIER = com.majikprod.slimeappUITests;
				PRODUCT_NAME = "$(TARGET_NAME)";
				SWIFT_VERSION = 4.2;
				TARGETED_DEVICE_FAMILY = "1,2";
				TEST_TARGET_NAME = slimeapp;
			};
			name = Debug;
		};
		C82BD01E2237238400ADDBD7 /* Release */ = {
			isa = XCBuildConfiguration;
			buildSettings = {
				ALWAYS_EMBED_SWIFT_STANDARD_LIBRARIES = YES;
				CODE_SIGN_STYLE = Automatic;
				DEVELOPMENT_TEAM = 7257K5B77U;
				INFOPLIST_FILE = slimeappUITests/Info.plist;
				LD_RUNPATH_SEARCH_PATHS = (
					"$(inherited)",
					"@executable_path/Frameworks",
					"@loader_path/Frameworks",
				);
				PRODUCT_BUNDLE_IDENTIFIER = com.majikprod.slimeappUITests;
				PRODUCT_NAME = "$(TARGET_NAME)";
				SWIFT_VERSION = 4.2;
				TARGETED_DEVICE_FAMILY = "1,2";
				TEST_TARGET_NAME = slimeapp;
			};
			name = Release;
		};
/* End XCBuildConfiguration section */

/* Begin XCConfigurationList section */
		C82BCFF72237238100ADDBD7 /* Build configuration list for PBXProject "slimeapp" */ = {
			isa = XCConfigurationList;
			buildConfigurations = (
				C82BD0172237238400ADDBD7 /* Debug */,
				C82BD0182237238400ADDBD7 /* Release */,
			);
			defaultConfigurationIsVisible = 0;
			defaultConfigurationName = Release;
		};
		C82BD0192237238400ADDBD7 /* Build configuration list for PBXNativeTarget "slimeapp" */ = {
			isa = XCConfigurationList;
			buildConfigurations = (
				C82BD01A2237238400ADDBD7 /* Debug */,
				C82BD01B2237238400ADDBD7 /* Release */,
			);
			defaultConfigurationIsVisible = 0;
			defaultConfigurationName = Release;
		};
		C82BD01C2237238400ADDBD7 /* Build configuration list for PBXNativeTarget "slimeappUITests" */ = {
			isa = XCConfigurationList;
			buildConfigurations = (
				C82BD01D2237238400ADDBD7 /* Debug */,
				C82BD01E2237238400ADDBD7 /* Release */,
			);
			defaultConfigurationIsVisible = 0;
			defaultConfigurationName = Release;
		};
/* End XCConfigurationList section */
	};
	rootObject = C82BCFF42237238100ADDBD7 /* Project object */;
}
